
Microsoft Visual Studio Solution File, Format Version 12.00
# Visual Studio Version 17
VisualStudioVersion = 17.3.32804.467
MinimumVisualStudioVersion = 10.0.40219.1
Project("{FAE04EC0-301F-11D3-BF4B-00C04F79EFBC}") = "AutoClickerNetCore", "AutoClickerNetCore.csproj", "{83E1151B-7845-4981-8EEF-B151C2B4A703}"
EndProject
Project("{2150E333-8FDC-42A3-9474-1A3956D46DE8}") = "SolutionItems", "SolutionItems", "{C694B139-064C-4B6D-9C8A-AFD2E79066DD}"
	ProjectSection(SolutionItems) = preProject
		LICENSE = LICENSE
		README.md = README.md
	EndProjectSection
EndProject
Global
	GlobalSection(SolutionConfigurationPlatforms) = preSolution
		Debug|Any CPU = Debug|Any CPU
		Release|Any CPU = Release|Any CPU
	EndGlobalSection
	GlobalSection(ProjectConfigurationPlatforms) = postSolution
		{83E1151B-7845-4981-8EEF-B151C2B4A703}.Debug|Any CPU.ActiveCfg = Debug|Any CPU
		{83E1151B-7845-4981-8EEF-B151C2B4A703}.Debug|Any CPU.Build.0 = Debug|Any CPU
		{83E1151B-7845-4981-8EEF-B151C2B4A703}.Release|Any CPU.ActiveCfg = Release|Any CPU
		{83E1151B-7845-4981-8EEF-B151C2B4A703}.Release|Any CPU.Build.0 = Release|Any CPU
	EndGlobalSection
	GlobalSection(SolutionProperties) = preSolution
		HideSolutionNode = FALSE
	EndGlobalSection
	GlobalSection(ExtensibilityGlobals) = postSolution
		SolutionGuid = {57CB2B89-9B8B-4871-9F30-7AE1ED6D31A7}
	EndGlobalSection
EndGlobal
